
Microsoft Visual Studio Solution File, Format Version 12.00
# Visual Studio Version 17
VisualStudioVersion = 17.14.36518.9 d17.14
MinimumVisualStudioVersion = 10.0.40219.1
Project("{FAE04EC0-301F-11D3-BF4B-00C04F79EFBC}") = "flappybirdd", "flappybirdd\flappybirdd.csproj", "{64186D58-CB7F-492F-8427-1D0DED037B29}"
EndProject
Global
	GlobalSection(SolutionConfigurationPlatforms) = preSolution
		Debug|Any CPU = Debug|Any CPU
		Release|Any CPU = Release|Any CPU
	EndGlobalSection
	GlobalSection(ProjectConfigurationPlatforms) = postSolution
		{64186D58-CB7F-492F-8427-1D0DED037B29}.Debug|Any CPU.ActiveCfg = Debug|Any CPU
		{64186D58-CB7F-492F-8427-1D0DED037B29}.Debug|Any CPU.Build.0 = Debug|Any CPU
		{64186D58-CB7F-492F-8427-1D0DED037B29}.Release|Any CPU.ActiveCfg = Release|Any CPU
		{64186D58-CB7F-492F-8427-1D0DED037B29}.Release|Any CPU.Build.0 = Release|Any CPU
	EndGlobalSection
	GlobalSection(SolutionProperties) = preSolution
		HideSolutionNode = FALSE
	EndGlobalSection
	GlobalSection(ExtensibilityGlobals) = postSolution
		SolutionGuid = {D9B30096-96D4-458B-B4B2-C7F5661F78DF}
	EndGlobalSection
EndGlobal
